// !$*UTF8*$!
{
	archiveVersion = 1;
	classes = {
	};
	objectVersion = 46;
	objects = {

/* Begin PBXBuildFile section */
		77F9B95B194907E7007E5364 /* AppDelegate.swift in Sources */ = {isa = PBXBuildFile; fileRef = 77F9B95A194907E7007E5364 /* AppDelegate.swift */; };
		77F9B95E194907E7007E5364 /* EstimotesSwiftAPI.xcdatamodeld in Sources */ = {isa = PBXBuildFile; fileRef = 77F9B95C194907E7007E5364 /* EstimotesSwiftAPI.xcdatamodeld */; };
		77F9B960194907E7007E5364 /* ViewController.swift in Sources */ = {isa = PBXBuildFile; fileRef = 77F9B95F194907E7007E5364 /* ViewController.swift */; };
		77F9B963194907E7007E5364 /* Main.storyboard in Resources */ = {isa = PBXBuildFile; fileRef = 77F9B961194907E7007E5364 /* Main.storyboard */; };
		77F9B965194907E7007E5364 /* Images.xcassets in Resources */ = {isa = PBXBuildFile; fileRef = 77F9B964194907E7007E5364 /* Images.xcassets */; };
		77F9B971194907E7007E5364 /* EstimotesSwiftAPITests.swift in Sources */ = {isa = PBXBuildFile; fileRef = 77F9B970194907E7007E5364 /* EstimotesSwiftAPITests.swift */; };
/* End PBXBuildFile section */

/* Begin PBXContainerItemProxy section */
		77F9B96B194907E7007E5364 /* PBXContainerItemProxy */ = {
			isa = PBXContainerItemProxy;
			containerPortal = 77F9B94D194907E7007E5364 /* Project object */;
			proxyType = 1;
			remoteGlobalIDString = 77F9B954194907E7007E5364;
			remoteInfo = EstimotesSwiftAPI;
		};
/* End PBXContainerItemProxy section */

/* Begin PBXFileReference section */
		77F9B955194907E7007E5364 /* EstimotesSwiftAPI.app */ = {isa = PBXFileReference; explicitFileType = wrapper.application; includeInIndex = 0; path = EstimotesSwiftAPI.app; sourceTree = BUILT_PRODUCTS_DIR; };
		77F9B959194907E7007E5364 /* Info.plist */ = {isa = PBXFileReference; lastKnownFileType = text.plist.xml; path = Info.plist; sourceTree = "<group>"; };
		77F9B95A194907E7007E5364 /* AppDelegate.swift */ = {isa = PBXFileReference; lastKnownFileType = sourcecode.swift; path = AppDelegate.swift; sourceTree = "<group>"; };
		77F9B95D194907E7007E5364 /* EstimotesSwiftAPI.xcdatamodel */ = {isa = PBXFileReference; lastKnownFileType = wrapper.xcdatamodel; path = EstimotesSwiftAPI.xcdatamodel; sourceTree = "<group>"; };
		77F9B95F194907E7007E5364 /* ViewController.swift */ = {isa = PBXFileReference; lastKnownFileType = sourcecode.swift; path = ViewController.swift; sourceTree = "<group>"; };
		77F9B962194907E7007E5364 /* Base */ = {isa = PBXFileReference; lastKnownFileType = file.storyboard; name = Base; path = Base.lproj/Main.storyboard; sourceTree = "<group>"; };
		77F9B964194907E7007E5364 /* Images.xcassets */ = {isa = PBXFileReference; lastKnownFileType = folder.assetcatalog; path = Images.xcassets; sourceTree = "<group>"; };
		77F9B96A194907E7007E5364 /* EstimotesSwiftAPITests.xctest */ = {isa = PBXFileReference; explicitFileType = wrapper.cfbundle; includeInIndex = 0; path = EstimotesSwiftAPITests.xctest; sourceTree = BUILT_PRODUCTS_DIR; };
		77F9B96F194907E7007E5364 /* Info.plist */ = {isa = PBXFileReference; lastKnownFileType = text.plist.xml; path = Info.plist; sourceTree = "<group>"; };
		77F9B970194907E7007E5364 /* EstimotesSwiftAPITests.swift */ = {isa = PBXFileReference; lastKnownFileType = sourcecode.swift; path = EstimotesSwiftAPITests.swift; sourceTree = "<group>"; };
/* End PBXFileReference section */

/* Begin PBXFrameworksBuildPhase section */
		77F9B952194907E7007E5364 /* Frameworks */ = {
			isa = PBXFrameworksBuildPhase;
			buildActionMask = 2147483647;
			files = (
			);
			runOnlyForDeploymentPostprocessing = 0;
		};
		77F9B967194907E7007E5364 /* Frameworks */ = {
			isa = PBXFrameworksBuildPhase;
			buildActionMask = 2147483647;
			files = (
			);
			runOnlyForDeploymentPostprocessing = 0;
		};
/* End PBXFrameworksBuildPhase section */

/* Begin PBXGroup section */
		77F9B94C194907E7007E5364 = {
			isa = PBXGroup;
			children = (
				77F9B957194907E7007E5364 /* EstimotesSwiftAPI */,
				77F9B96D194907E7007E5364 /* EstimotesSwiftAPITests */,
				77F9B956194907E7007E5364 /* Products */,
			);
			sourceTree = "<group>";
		};
		77F9B956194907E7007E5364 /* Products */ = {
			isa = PBXGroup;
			children = (
				77F9B955194907E7007E5364 /* EstimotesSwiftAPI.app */,
				77F9B96A194907E7007E5364 /* EstimotesSwiftAPITests.xctest */,
			);
			name = Products;
			sourceTree = "<group>";
		};
		77F9B957194907E7007E5364 /* EstimotesSwiftAPI */ = {
			isa = PBXGroup;
			children = (
				77F9B95A194907E7007E5364 /* AppDelegate.swift */,
				77F9B95F194907E7007E5364 /* ViewController.swift */,
				77F9B961194907E7007E5364 /* Main.storyboard */,
				77F9B964194907E7007E5364 /* Images.xcassets */,
				77F9B95C194907E7007E5364 /* EstimotesSwiftAPI.xcdatamodeld */,
				77F9B958194907E7007E5364 /* Supporting Files */,
			);
			path = EstimotesSwiftAPI;
			sourceTree = "<group>";
		};
		77F9B958194907E7007E5364 /* Supporting Files */ = {
			isa = PBXGroup;
			children = (
				77F9B959194907E7007E5364 /* Info.plist */,
			);
			name = "Supporting Files";
			sourceTree = "<group>";
		};
		77F9B96D194907E7007E5364 /* EstimotesSwiftAPITests */ = {
			isa = PBXGroup;
			children = (
				77F9B970194907E7007E5364 /* EstimotesSwiftAPITests.swift */,
				77F9B96E194907E7007E5364 /* Supporting Files */,
			);
			path = EstimotesSwiftAPITests;
			sourceTree = "<group>";
		};
		77F9B96E194907E7007E5364 /* Supporting Files */ = {
			isa = PBXGroup;
			children = (
				77F9B96F194907E7007E5364 /* Info.plist */,
			);
			name = "Supporting Files";
			sourceTree = "<group>";
		};
/* End PBXGroup section */

/* Begin PBXNativeTarget section */
		77F9B954194907E7007E5364 /* EstimotesSwiftAPI */ = {
			isa = PBXNativeTarget;
			buildConfigurationList = 77F9B974194907E7007E5364 /* Build configuration list for PBXNativeTarget "EstimotesSwiftAPI" */;
			buildPhases = (
				77F9B951194907E7007E5364 /* Sources */,
				77F9B952194907E7007E5364 /* Frameworks */,
				77F9B953194907E7007E5364 /* Resources */,
			);
			buildRules = (
			);
			dependencies = (
			);
			name = EstimotesSwiftAPI;
			productName = EstimotesSwiftAPI;
			productReference = 77F9B955194907E7007E5364 /* EstimotesSwiftAPI.app */;
			productType = "com.apple.product-type.application";
		};
		77F9B969194907E7007E5364 /* EstimotesSwiftAPITests */ = {
			isa = PBXNativeTarget;
			buildConfigurationList = 77F9B977194907E7007E5364 /* Build configuration list for PBXNativeTarget "EstimotesSwiftAPITests" */;
			buildPhases = (
				77F9B966194907E7007E5364 /* Sources */,
				77F9B967194907E7007E5364 /* Frameworks */,
				77F9B968194907E7007E5364 /* Resources */,
			);
			buildRules = (
			);
			dependencies = (
				77F9B96C194907E7007E5364 /* PBXTargetDependency */,
			);
			name = EstimotesSwiftAPITests;
			productName = EstimotesSwiftAPITests;
			productReference = 77F9B96A194907E7007E5364 /* EstimotesSwiftAPITests.xctest */;
			productType = "com.apple.product-type.bundle.unit-test";
		};
/* End PBXNativeTarget section */

/* Begin PBXProject section */
		77F9B94D194907E7007E5364 /* Project object */ = {
			isa = PBXProject;
			attributes = {
				LastUpgradeCheck = 0600;
				ORGANIZATIONNAME = LTG;
				TargetAttributes = {
					77F9B954194907E7007E5364 = {
						CreatedOnToolsVersion = 6.0;
					};
					77F9B969194907E7007E5364 = {
						CreatedOnToolsVersion = 6.0;
						TestTargetID = 77F9B954194907E7007E5364;
					};
				};
			};
			buildConfigurationList = 77F9B950194907E7007E5364 /* Build configuration list for PBXProject "EstimotesSwiftAPI" */;
			compatibilityVersion = "Xcode 3.2";
			developmentRegion = English;
			hasScannedForEncodings = 0;
			knownRegions = (
				en,
				Base,
			);
			mainGroup = 77F9B94C194907E7007E5364;
			productRefGroup = 77F9B956194907E7007E5364 /* Products */;
			projectDirPath = "";
			projectRoot = "";
			targets = (
				77F9B954194907E7007E5364 /* EstimotesSwiftAPI */,
				77F9B969194907E7007E5364 /* EstimotesSwiftAPITests */,
			);
		};
/* End PBXProject section */

/* Begin PBXResourcesBuildPhase section */
		77F9B953194907E7007E5364 /* Resources */ = {
			isa = PBXResourcesBuildPhase;
			buildActionMask = 2147483647;
			files = (
				77F9B963194907E7007E5364 /* Main.storyboard in Resources */,
				77F9B965194907E7007E5364 /* Images.xcassets in Resources */,
			);
			runOnlyForDeploymentPostprocessing = 0;
		};
		77F9B968194907E7007E5364 /* Resources */ = {
			isa = PBXResourcesBuildPhase;
			buildActionMask = 2147483647;
			files = (
			);
			runOnlyForDeploymentPostprocessing = 0;
		};
/* End PBXResourcesBuildPhase section */

/* Begin PBXSourcesBuildPhase section */
		77F9B951194907E7007E5364 /* Sources */ = {
			isa = PBXSourcesBuildPhase;
			buildActionMask = 2147483647;
			files = (
				77F9B960194907E7007E5364 /* ViewController.swift in Sources */,
				77F9B95E194907E7007E5364 /* EstimotesSwiftAPI.xcdatamodeld in Sources */,
				77F9B95B194907E7007E5364 /* AppDelegate.swift in Sources */,
			);
			runOnlyForDeploymentPostprocessing = 0;
		};
		77F9B966194907E7007E5364 /* Sources */ = {
			isa = PBXSourcesBuildPhase;
			buildActionMask = 2147483647;
			files = (
				77F9B971194907E7007E5364 /* EstimotesSwiftAPITests.swift in Sources */,
			);
			runOnlyForDeploymentPostprocessing = 0;
		};
/* End PBXSourcesBuildPhase section */

/* Begin PBXTargetDependency section */
		77F9B96C194907E7007E5364 /* PBXTargetDependency */ = {
			isa = PBXTargetDependency;
			target = 77F9B954194907E7007E5364 /* EstimotesSwiftAPI */;
			targetProxy = 77F9B96B194907E7007E5364 /* PBXContainerItemProxy */;
		};
/* End PBXTargetDependency section */

/* Begin PBXVariantGroup section */
		77F9B961194907E7007E5364 /* Main.storyboard */ = {
			isa = PBXVariantGroup;
			children = (
				77F9B962194907E7007E5364 /* Base */,
			);
			name = Main.storyboard;
			sourceTree = "<group>";
		};
/* End PBXVariantGroup section */

/* Begin XCBuildConfiguration section */
		77F9B972194907E7007E5364 /* Debug */ = {
			isa = XCBuildConfiguration;
			buildSettings = {
				ALWAYS_SEARCH_USER_PATHS = NO;
				CLANG_CXX_LANGUAGE_STANDARD = "gnu++0x";
				CLANG_CXX_LIBRARY = "libc++";
				CLANG_ENABLE_MODULES = YES;
				CLANG_ENABLE_OBJC_ARC = YES;
				CLANG_WARN_BOOL_CONVERSION = YES;
				CLANG_WARN_CONSTANT_CONVERSION = YES;
				CLANG_WARN_DIRECT_OBJC_ISA_USAGE = YES_ERROR;
				CLANG_WARN_EMPTY_BODY = YES;
				CLANG_WARN_ENUM_CONVERSION = YES;
				CLANG_WARN_INT_CONVERSION = YES;
				CLANG_WARN_OBJC_ROOT_CLASS = YES_ERROR;
				CLANG_WARN_UNREACHABLE_CODE = YES;
				CLANG_WARN__DUPLICATE_METHOD_MATCH = YES;
				"CODE_SIGN_IDENTITY[sdk=iphoneos*]" = "iPhone Developer";
				COPY_PHASE_STRIP = NO;
				ENABLE_STRICT_OBJC_MSGSEND = YES;
				GCC_C_LANGUAGE_STANDARD = gnu99;
				GCC_DYNAMIC_NO_PIC = NO;
				GCC_OPTIMIZATION_LEVEL = 0;
				GCC_PREPROCESSOR_DEFINITIONS = (
					"DEBUG=1",
					"$(inherited)",
				);
				GCC_SYMBOLS_PRIVATE_EXTERN = NO;
				GCC_WARN_64_TO_32_BIT_CONVERSION = YES;
				GCC_WARN_ABOUT_RETURN_TYPE = YES_ERROR;
				GCC_WARN_UNDECLARED_SELECTOR = YES;
				GCC_WARN_UNINITIALIZED_AUTOS = YES_AGGRESSIVE;
				GCC_WARN_UNUSED_FUNCTION = YES;
				GCC_WARN_UNUSED_VARIABLE = YES;
				IPHONEOS_DEPLOYMENT_TARGET = 8.0;
				METAL_ENABLE_DEBUG_INFO = YES;
				ONLY_ACTIVE_ARCH = YES;
				SDKROOT = iphoneos;
				SWIFT_OPTIMIZATION_LEVEL = "-Onone";
				TARGETED_DEVICE_FAMILY = "1,2";
			};
			name = Debug;
		};
		77F9B973194907E7007E5364 /* Release */ = {
			isa = XCBuildConfiguration;
			buildSettings = {
				ALWAYS_SEARCH_USER_PATHS = NO;
				CLANG_CXX_LANGUAGE_STANDARD = "gnu++0x";
				CLANG_CXX_LIBRARY = "libc++";
				CLANG_ENABLE_MODULES = YES;
				CLANG_ENABLE_OBJC_ARC = YES;
				CLANG_WARN_BOOL_CONVERSION = YES;
				CLANG_WARN_CONSTANT_CONVERSION = YES;
				CLANG_WARN_DIRECT_OBJC_ISA_USAGE = YES_ERROR;
				CLANG_WARN_EMPTY_BODY = YES;
				CLANG_WARN_ENUM_CONVERSION = YES;
				CLANG_WARN_INT_CONVERSION = YES;
				CLANG_WARN_OBJC_ROOT_CLASS = YES_ERROR;
				CLANG_WARN_UNREACHABLE_CODE = YES;
				CLANG_WARN__DUPLICATE_METHOD_MATCH = YES;
				"CODE_SIGN_IDENTITY[sdk=iphoneos*]" = "iPhone Developer";
				COPY_PHASE_STRIP = YES;
				ENABLE_NS_ASSERTIONS = NO;
				ENABLE_STRICT_OBJC_MSGSEND = YES;
				GCC_C_LANGUAGE_STANDARD = gnu99;
				GCC_WARN_64_TO_32_BIT_CONVERSION = YES;
				GCC_WARN_ABOUT_RETURN_TYPE = YES_ERROR;
				GCC_WARN_UNDECLARED_SELECTOR = YES;
				GCC_WARN_UNINITIALIZED_AUTOS = YES_AGGRESSIVE;
				GCC_WARN_UNUSED_FUNCTION = YES;
				GCC_WARN_UNUSED_VARIABLE = YES;
				IPHONEOS_DEPLOYMENT_TARGET = 8.0;
				METAL_ENABLE_DEBUG_INFO = NO;
				SDKROOT = iphoneos;
				TARGETED_DEVICE_FAMILY = "1,2";
				VALIDATE_PRODUCT = YES;
			};
			name = Release;
		};
		77F9B975194907E7007E5364 /* Debug */ = {
			isa = XCBuildConfiguration;
			buildSettings = {
				ASSETCATALOG_COMPILER_APPICON_NAME = AppIcon;
				ASSETCATALOG_COMPILER_LAUNCHIMAGE_NAME = LaunchImage;
				INFOPLIST_FILE = EstimotesSwiftAPI/Info.plist;
				LD_RUNPATH_SEARCH_PATHS = "$(inherited) @executable_path/Frameworks";
				PRODUCT_NAME = "$(TARGET_NAME)";
			};
			name = Debug;
		};
		77F9B976194907E7007E5364 /* Release */ = {
			isa = XCBuildConfiguration;
			buildSettings = {
				ASSETCATALOG_COMPILER_APPICON_NAME = AppIcon;
				ASSETCATALOG_COMPILER_LAUNCHIMAGE_NAME = LaunchImage;
				INFOPLIST_FILE = EstimotesSwiftAPI/Info.plist;
				LD_RUNPATH_SEARCH_PATHS = "$(inherited) @executable_path/Frameworks";
				PRODUCT_NAME = "$(TARGET_NAME)";
			};
			name = Release;
		};
		77F9B978194907E7007E5364 /* Debug */ = {
			isa = XCBuildConfiguration;
			buildSettings = {
				BUNDLE_LOADER = "$(BUILT_PRODUCTS_DIR)/EstimotesSwiftAPI.app/EstimotesSwiftAPI";
				FRAMEWORK_SEARCH_PATHS = (
					"$(SDKROOT)/Developer/Library/Frameworks",
					"$(inherited)",
				);
				GCC_PREPROCESSOR_DEFINITIONS = (
					"DEBUG=1",
					"$(inherited)",
				);
				INFOPLIST_FILE = EstimotesSwiftAPITests/Info.plist;
				LD_RUNPATH_SEARCH_PATHS = "$(inherited) @executable_path/Frameworks @loader_path/Frameworks";
				METAL_ENABLE_DEBUG_INFO = YES;
				PRODUCT_NAME = "$(TARGET_NAME)";
				TEST_HOST = "$(BUNDLE_LOADER)";
			};
			name = Debug;
		};
		77F9B979194907E7007E5364 /* Release */ = {
			isa = XCBuildConfiguration;
			buildSettings = {
				BUNDLE_LOADER = "$(BUILT_PRODUCTS_DIR)/EstimotesSwiftAPI.app/EstimotesSwiftAPI";
				FRAMEWORK_SEARCH_PATHS = (
					"$(SDKROOT)/Developer/Library/Frameworks",
					"$(inherited)",
				);
				INFOPLIST_FILE = EstimotesSwiftAPITests/Info.plist;
				LD_RUNPATH_SEARCH_PATHS = "$(inherited) @executable_path/Frameworks @loader_path/Frameworks";
				METAL_ENABLE_DEBUG_INFO = NO;
				PRODUCT_NAME = "$(TARGET_NAME)";
				TEST_HOST = "$(BUNDLE_LOADER)";
			};
			name = Release;
		};
/* End XCBuildConfiguration section */

/* Begin XCConfigurationList section */
		77F9B950194907E7007E5364 /* Build configuration list for PBXProject "EstimotesSwiftAPI" */ = {
			isa = XCConfigurationList;
			buildConfigurations = (
				77F9B972194907E7007E5364 /* Debug */,
				77F9B973194907E7007E5364 /* Release */,
			);
			defaultConfigurationIsVisible = 0;
			defaultConfigurationName = Release;
		};
		77F9B974194907E7007E5364 /* Build configuration list for PBXNativeTarget "EstimotesSwiftAPI" */ = {
			isa = XCConfigurationList;
			buildConfigurations = (
				77F9B975194907E7007E5364 /* Debug */,
				77F9B976194907E7007E5364 /* Release */,
			);
			defaultConfigurationIsVisible = 0;
		};
		77F9B977194907E7007E5364 /* Build configuration list for PBXNativeTarget "EstimotesSwiftAPITests" */ = {
			isa = XCConfigurationList;
			buildConfigurations = (
				77F9B978194907E7007E5364 /* Debug */,
				77F9B979194907E7007E5364 /* Release */,
			);
			defaultConfigurationIsVisible = 0;
		};
/* End XCConfigurationList section */

/* Begin XCVersionGroup section */
		77F9B95C194907E7007E5364 /* EstimotesSwiftAPI.xcdatamodeld */ = {
			isa = XCVersionGroup;
			children = (
				77F9B95D194907E7007E5364 /* EstimotesSwiftAPI.xcdatamodel */,
			);
			currentVersion = 77F9B95D194907E7007E5364 /* EstimotesSwiftAPI.xcdatamodel */;
			path = EstimotesSwiftAPI.xcdatamodeld;
			sourceTree = "<group>";
			versionGroupType = wrapper.xcdatamodel;
		};
/* End XCVersionGroup section */
	};
	rootObject = 77F9B94D194907E7007E5364 /* Project object */;
}
